{
  "name": "@xkemox/kem-o",
  "version": "1.0.0",
  "lockfileVersion": 3,
  "requires": true,
  "packages": {
    "": {
      "name": "@xkemox/kem-o",
      "version": "1.0.0",
      "license": "ISC",
      "dependencies": {
        "kem-o": "^1.0.0"
      },
      "devDependencies": {}
    },
    "node_modules/kem-o": {
      "version": "1.0.0",
      "resolved": "https://registry.npmjs.org/kem-o/-/kem-o-1.0.0.tgz",
      "integrity": "sha512-+IXs1usJMQzyB0um+ksQn3hIBGnvClr/moFm94s9nGj26niFB9mITk03NvPK4zLhopZGJUWnf+clTgn8hUy4Mw=="
    }
  }
}
